
Microsoft Visual Studio Solution File, Format Version 12.00
# Visual Studio Version 17
VisualStudioVersion = 17.2.32616.157
MinimumVisualStudioVersion = 10.0.40219.1
Project("{FAE04EC0-301F-11D3-BF4B-00C04F79EFBC}") = "Prestamos", "Prestamos\Prestamos.csproj", "{EBF414CB-8868-4F85-87BF-14EFA1CFE2EC}"
EndProject
Global
	GlobalSection(SolutionConfigurationPlatforms) = preSolution
		Debug|Any CPU = Debug|Any CPU
		Release|Any CPU = Release|Any CPU
	EndGlobalSection
	GlobalSection(ProjectConfigurationPlatforms) = postSolution
		{EBF414CB-8868-4F85-87BF-14EFA1CFE2EC}.Debug|Any CPU.ActiveCfg = Debug|Any CPU
		{EBF414CB-8868-4F85-87BF-14EFA1CFE2EC}.Debug|Any CPU.Build.0 = Debug|Any CPU
		{EBF414CB-8868-4F85-87BF-14EFA1CFE2EC}.Release|Any CPU.ActiveCfg = Release|Any CPU
		{EBF414CB-8868-4F85-87BF-14EFA1CFE2EC}.Release|Any CPU.Build.0 = Release|Any CPU
	EndGlobalSection
	GlobalSection(SolutionProperties) = preSolution
		HideSolutionNode = FALSE
	EndGlobalSection
	GlobalSection(ExtensibilityGlobals) = postSolution
		SolutionGuid = {5AFF1B94-DCBF-4D70-8A8E-3F2FFBCA8861}
	EndGlobalSection
EndGlobal
